
Microsoft Visual Studio Solution File, Format Version 12.00
# Visual Studio 2012
Project("{FAE04EC0-301F-11D3-BF4B-00C04F79EFBC}") = "RxUI_QCon.Tests", "RxUI_QCon.Tests\RxUI_QCon.Tests.csproj", "{719CB21E-8618-422D-854B-D0F95E74D43E}"
EndProject
Project("{FAE04EC0-301F-11D3-BF4B-00C04F79EFBC}") = "RxUI_QCon", "RxUI_QCon.WPF\RxUI_QCon.csproj", "{FEBB149B-E068-4DD8-A418-1EBDD7A4E788}"
EndProject
Project("{FAE04EC0-301F-11D3-BF4B-00C04F79EFBC}") = "RxUI_QCon.WinForms", "RxUI_QCon.WinForms\RxUI_QCon.WinForms.csproj", "{D1A399F8-F0C3-4749-BA91-9620F26FBBEC}"
EndProject
Global
	GlobalSection(SolutionConfigurationPlatforms) = preSolution
		Debug|Any CPU = Debug|Any CPU
		Release|Any CPU = Release|Any CPU
	EndGlobalSection
	GlobalSection(ProjectConfigurationPlatforms) = postSolution
		{719CB21E-8618-422D-854B-D0F95E74D43E}.Debug|Any CPU.ActiveCfg = Debug|Any CPU
		{719CB21E-8618-422D-854B-D0F95E74D43E}.Debug|Any CPU.Build.0 = Debug|Any CPU
		{719CB21E-8618-422D-854B-D0F95E74D43E}.Release|Any CPU.ActiveCfg = Release|Any CPU
		{719CB21E-8618-422D-854B-D0F95E74D43E}.Release|Any CPU.Build.0 = Release|Any CPU
		{FEBB149B-E068-4DD8-A418-1EBDD7A4E788}.Debug|Any CPU.ActiveCfg = Debug|Any CPU
		{FEBB149B-E068-4DD8-A418-1EBDD7A4E788}.Debug|Any CPU.Build.0 = Debug|Any CPU
		{FEBB149B-E068-4DD8-A418-1EBDD7A4E788}.Release|Any CPU.ActiveCfg = Release|Any CPU
		{FEBB149B-E068-4DD8-A418-1EBDD7A4E788}.Release|Any CPU.Build.0 = Release|Any CPU
		{D1A399F8-F0C3-4749-BA91-9620F26FBBEC}.Debug|Any CPU.ActiveCfg = Debug|Any CPU
		{D1A399F8-F0C3-4749-BA91-9620F26FBBEC}.Debug|Any CPU.Build.0 = Debug|Any CPU
		{D1A399F8-F0C3-4749-BA91-9620F26FBBEC}.Release|Any CPU.ActiveCfg = Release|Any CPU
		{D1A399F8-F0C3-4749-BA91-9620F26FBBEC}.Release|Any CPU.Build.0 = Release|Any CPU
	EndGlobalSection
	GlobalSection(SolutionProperties) = preSolution
		HideSolutionNode = FALSE
	EndGlobalSection
EndGlobal
